
Microsoft Visual Studio Solution File, Format Version 12.00
# Visual Studio 15
VisualStudioVersion = 15.0.28307.168
MinimumVisualStudioVersion = 10.0.40219.1
Project("{FAE04EC0-301F-11D3-BF4B-00C04F79EFBC}") = "AplicacionRastreoPaquetes", "AplicacionRastreoPaquetes\AplicacionRastreoPaquetes.csproj", "{08DDD009-5041-4A38-AE3A-C047EF968488}"
EndProject
Project("{FAE04EC0-301F-11D3-BF4B-00C04F79EFBC}") = "AplicacionRastreoPaquetesUTest", "AplicacionRastreoPaquetesUTest\AplicacionRastreoPaquetesUTest.csproj", "{559B346E-EFE2-4937-9C94-EBAC293417AB}"
EndProject
Global
	GlobalSection(SolutionConfigurationPlatforms) = preSolution
		Debug|Any CPU = Debug|Any CPU
		Release|Any CPU = Release|Any CPU
	EndGlobalSection
	GlobalSection(ProjectConfigurationPlatforms) = postSolution
		{08DDD009-5041-4A38-AE3A-C047EF968488}.Debug|Any CPU.ActiveCfg = Debug|Any CPU
		{08DDD009-5041-4A38-AE3A-C047EF968488}.Debug|Any CPU.Build.0 = Debug|Any CPU
		{08DDD009-5041-4A38-AE3A-C047EF968488}.Release|Any CPU.ActiveCfg = Release|Any CPU
		{08DDD009-5041-4A38-AE3A-C047EF968488}.Release|Any CPU.Build.0 = Release|Any CPU
		{559B346E-EFE2-4937-9C94-EBAC293417AB}.Debug|Any CPU.ActiveCfg = Debug|Any CPU
		{559B346E-EFE2-4937-9C94-EBAC293417AB}.Debug|Any CPU.Build.0 = Debug|Any CPU
		{559B346E-EFE2-4937-9C94-EBAC293417AB}.Release|Any CPU.ActiveCfg = Release|Any CPU
		{559B346E-EFE2-4937-9C94-EBAC293417AB}.Release|Any CPU.Build.0 = Release|Any CPU
	EndGlobalSection
	GlobalSection(SolutionProperties) = preSolution
		HideSolutionNode = FALSE
	EndGlobalSection
	GlobalSection(ExtensibilityGlobals) = postSolution
		SolutionGuid = {5FCDC6C8-2954-4816-A310-BC39669E15CC}
	EndGlobalSection
EndGlobal
